
Microsoft Visual Studio Solution File, Format Version 12.00
# Visual Studio 15
VisualStudioVersion = 15.0.28307.1209
MinimumVisualStudioVersion = 10.0.40219.1
Project("{FAE04EC0-301F-11D3-BF4B-00C04F79EFBC}") = "SaveWorldProject", "SaveWorldProject\SaveWorldProject.csproj", "{5AE4DF74-714F-49B8-9735-F8814645BB16}"
EndProject
Global
	GlobalSection(SolutionConfigurationPlatforms) = preSolution
		Debug|Any CPU = Debug|Any CPU
		Release|Any CPU = Release|Any CPU
	EndGlobalSection
	GlobalSection(ProjectConfigurationPlatforms) = postSolution
		{5AE4DF74-714F-49B8-9735-F8814645BB16}.Debug|Any CPU.ActiveCfg = Debug|Any CPU
		{5AE4DF74-714F-49B8-9735-F8814645BB16}.Debug|Any CPU.Build.0 = Debug|Any CPU
		{5AE4DF74-714F-49B8-9735-F8814645BB16}.Release|Any CPU.ActiveCfg = Release|Any CPU
		{5AE4DF74-714F-49B8-9735-F8814645BB16}.Release|Any CPU.Build.0 = Release|Any CPU
	EndGlobalSection
	GlobalSection(SolutionProperties) = preSolution
		HideSolutionNode = FALSE
	EndGlobalSection
	GlobalSection(ExtensibilityGlobals) = postSolution
		SolutionGuid = {1D9672B5-B866-4E5A-B5F1-4C6E60D43D94}
	EndGlobalSection
EndGlobal
